
Microsoft Visual Studio Solution File, Format Version 12.00
# Visual Studio Version 16
VisualStudioVersion = 16.0.31702.278
MinimumVisualStudioVersion = 10.0.40219.1
Project("{FAE04EC0-301F-11D3-BF4B-00C04F79EFBC}") = "pdfmerge", "pdfmerge\pdfmerge.csproj", "{36A63FB9-F50C-4BCC-81CA-7E468856CA67}"
EndProject
Global
	GlobalSection(SolutionConfigurationPlatforms) = preSolution
		Debug|Any CPU = Debug|Any CPU
		Release|Any CPU = Release|Any CPU
	EndGlobalSection
	GlobalSection(ProjectConfigurationPlatforms) = postSolution
		{36A63FB9-F50C-4BCC-81CA-7E468856CA67}.Debug|Any CPU.ActiveCfg = Debug|Any CPU
		{36A63FB9-F50C-4BCC-81CA-7E468856CA67}.Debug|Any CPU.Build.0 = Debug|Any CPU
		{36A63FB9-F50C-4BCC-81CA-7E468856CA67}.Release|Any CPU.ActiveCfg = Release|Any CPU
		{36A63FB9-F50C-4BCC-81CA-7E468856CA67}.Release|Any CPU.Build.0 = Release|Any CPU
	EndGlobalSection
	GlobalSection(SolutionProperties) = preSolution
		HideSolutionNode = FALSE
	EndGlobalSection
	GlobalSection(ExtensibilityGlobals) = postSolution
		SolutionGuid = {FB6D83F7-9944-45BC-9AA8-DE513C16786A}
	EndGlobalSection
EndGlobal
